
Microsoft Visual Studio Solution File, Format Version 12.00
# Visual Studio 15
VisualStudioVersion = 15.0.27428.2037
MinimumVisualStudioVersion = 10.0.40219.1
Project("{FAE04EC0-301F-11D3-BF4B-00C04F79EFBC}") = "WebReader", "WebReader\WebReader.csproj", "{C869B99E-C67A-450C-A6A0-3F8A5F086355}"
EndProject
Global
	GlobalSection(SolutionConfigurationPlatforms) = preSolution
		Debug|Any CPU = Debug|Any CPU
		Release|Any CPU = Release|Any CPU
	EndGlobalSection
	GlobalSection(ProjectConfigurationPlatforms) = postSolution
		{C869B99E-C67A-450C-A6A0-3F8A5F086355}.Debug|Any CPU.ActiveCfg = Debug|Any CPU
		{C869B99E-C67A-450C-A6A0-3F8A5F086355}.Debug|Any CPU.Build.0 = Debug|Any CPU
		{C869B99E-C67A-450C-A6A0-3F8A5F086355}.Release|Any CPU.ActiveCfg = Release|Any CPU
		{C869B99E-C67A-450C-A6A0-3F8A5F086355}.Release|Any CPU.Build.0 = Release|Any CPU
	EndGlobalSection
	GlobalSection(SolutionProperties) = preSolution
		HideSolutionNode = FALSE
	EndGlobalSection
	GlobalSection(ExtensibilityGlobals) = postSolution
		SolutionGuid = {CD084C5B-C9CC-4B8F-BEE8-62F282AF43FA}
	EndGlobalSection
EndGlobal
